
Microsoft Visual Studio Solution File, Format Version 12.00
Project("{FAE04EC0-301F-11D3-BF4B-00C04F79EFBC}") = "Frågesport", "Frågesport\Frågesport.csproj", "{5639656A-192C-49FE-81F4-57267C8F6523}"
EndProject
Global
	GlobalSection(SolutionConfigurationPlatforms) = preSolution
		Debug|Any CPU = Debug|Any CPU
		Release|Any CPU = Release|Any CPU
	EndGlobalSection
	GlobalSection(ProjectConfigurationPlatforms) = postSolution
		{5639656A-192C-49FE-81F4-57267C8F6523}.Debug|Any CPU.ActiveCfg = Debug|Any CPU
		{5639656A-192C-49FE-81F4-57267C8F6523}.Debug|Any CPU.Build.0 = Debug|Any CPU
		{5639656A-192C-49FE-81F4-57267C8F6523}.Release|Any CPU.ActiveCfg = Release|Any CPU
		{5639656A-192C-49FE-81F4-57267C8F6523}.Release|Any CPU.Build.0 = Release|Any CPU
	EndGlobalSection
EndGlobal
