
Microsoft Visual Studio Solution File, Format Version 12.00
Project("{FAE04EC0-301F-11D3-BF4B-00C04F79EFBC}") = "ProvV7", "ProvV7\ProvV7.csproj", "{D47566AE-B81C-43D6-81D4-8FAE41A1C954}"
EndProject
Global
	GlobalSection(SolutionConfigurationPlatforms) = preSolution
		Debug|Any CPU = Debug|Any CPU
		Release|Any CPU = Release|Any CPU
	EndGlobalSection
	GlobalSection(ProjectConfigurationPlatforms) = postSolution
		{D47566AE-B81C-43D6-81D4-8FAE41A1C954}.Debug|Any CPU.ActiveCfg = Debug|Any CPU
		{D47566AE-B81C-43D6-81D4-8FAE41A1C954}.Debug|Any CPU.Build.0 = Debug|Any CPU
		{D47566AE-B81C-43D6-81D4-8FAE41A1C954}.Release|Any CPU.ActiveCfg = Release|Any CPU
		{D47566AE-B81C-43D6-81D4-8FAE41A1C954}.Release|Any CPU.Build.0 = Release|Any CPU
	EndGlobalSection
EndGlobal
